
Microsoft Visual Studio Solution File, Format Version 12.00
# Visual Studio Version 16
VisualStudioVersion = 16.0.30611.23
MinimumVisualStudioVersion = 10.0.40219.1
Project("{FAE04EC0-301F-11D3-BF4B-00C04F79EFBC}") = "Nunit", "Nunit\Nunit.csproj", "{1690ED7D-3D67-4BB6-9375-D4C602F446C7}"
EndProject
Project("{FAE04EC0-301F-11D3-BF4B-00C04F79EFBC}") = "Nunit1", "Nunit1\Nunit1.csproj", "{E5337CE3-FCC6-4435-BEE9-0533EB71CC29}"
EndProject
Global
	GlobalSection(SolutionConfigurationPlatforms) = preSolution
		Debug|Any CPU = Debug|Any CPU
		Release|Any CPU = Release|Any CPU
	EndGlobalSection
	GlobalSection(ProjectConfigurationPlatforms) = postSolution
		{1690ED7D-3D67-4BB6-9375-D4C602F446C7}.Debug|Any CPU.ActiveCfg = Debug|Any CPU
		{1690ED7D-3D67-4BB6-9375-D4C602F446C7}.Debug|Any CPU.Build.0 = Debug|Any CPU
		{1690ED7D-3D67-4BB6-9375-D4C602F446C7}.Release|Any CPU.ActiveCfg = Release|Any CPU
		{1690ED7D-3D67-4BB6-9375-D4C602F446C7}.Release|Any CPU.Build.0 = Release|Any CPU
		{E5337CE3-FCC6-4435-BEE9-0533EB71CC29}.Debug|Any CPU.ActiveCfg = Debug|Any CPU
		{E5337CE3-FCC6-4435-BEE9-0533EB71CC29}.Debug|Any CPU.Build.0 = Debug|Any CPU
		{E5337CE3-FCC6-4435-BEE9-0533EB71CC29}.Release|Any CPU.ActiveCfg = Release|Any CPU
		{E5337CE3-FCC6-4435-BEE9-0533EB71CC29}.Release|Any CPU.Build.0 = Release|Any CPU
	EndGlobalSection
	GlobalSection(SolutionProperties) = preSolution
		HideSolutionNode = FALSE
	EndGlobalSection
	GlobalSection(ExtensibilityGlobals) = postSolution
		SolutionGuid = {9B86B5DE-3E5E-45EB-A78D-A32FCAD32140}
	EndGlobalSection
EndGlobal
